
Microsoft Visual Studio Solution File, Format Version 12.00
# Visual Studio 2015
Project("{FAE04EC0-301F-11D3-BF4B-00C04F79EFBC}") = "VuforiaImageSample", "VuforiaImageSample.csproj", "{02EEC457-3722-556A-4938-05433FB62644}"
EndProject
Project("{FAE04EC0-301F-11D3-BF4B-00C04F79EFBC}") = "VuforiaImageSample.Editor", "VuforiaImageSample.Editor.csproj", "{35C97608-B6A7-17B0-DD54-ED51786E3E65}"
EndProject
Global
	GlobalSection(SolutionConfigurationPlatforms) = preSolution
		Debug|Any CPU = Debug|Any CPU
		Release|Any CPU = Release|Any CPU
	EndGlobalSection
	GlobalSection(ProjectConfigurationPlatforms) = postSolution
		{02EEC457-3722-556A-4938-05433FB62644}.Debug|Any CPU.ActiveCfg = Debug|Any CPU
		{02EEC457-3722-556A-4938-05433FB62644}.Debug|Any CPU.Build.0 = Debug|Any CPU
		{02EEC457-3722-556A-4938-05433FB62644}.Release|Any CPU.ActiveCfg = Release|Any CPU
		{02EEC457-3722-556A-4938-05433FB62644}.Release|Any CPU.Build.0 = Release|Any CPU
		{35C97608-B6A7-17B0-DD54-ED51786E3E65}.Debug|Any CPU.ActiveCfg = Debug|Any CPU
		{35C97608-B6A7-17B0-DD54-ED51786E3E65}.Debug|Any CPU.Build.0 = Debug|Any CPU
		{35C97608-B6A7-17B0-DD54-ED51786E3E65}.Release|Any CPU.ActiveCfg = Release|Any CPU
		{35C97608-B6A7-17B0-DD54-ED51786E3E65}.Release|Any CPU.Build.0 = Release|Any CPU
	EndGlobalSection
	GlobalSection(SolutionProperties) = preSolution
		HideSolutionNode = FALSE
	EndGlobalSection
EndGlobal
